
Microsoft Visual Studio Solution File, Format Version 12.00
# Visual Studio Version 17
VisualStudioVersion = 17.8.34219.65
MinimumVisualStudioVersion = 10.0.40219.1
Project("{2150E333-8FDC-42A3-9474-1A3956D46DE8}") = "솔루션 항목", "솔루션 항목", "{2DC5698E-9331-46C6-86AF-6330647AC564}"
	ProjectSection(SolutionItems) = preProject
		README.md = README.md
	EndProjectSection
EndProject
Project("{FAE04EC0-301F-11D3-BF4B-00C04F79EFBC}") = "NetworkUtility", "NetworkUtility\NetworkUtility.csproj", "{0A2321AF-5C1F-4841-A9CC-97F0D7945E9B}"
EndProject
Project("{FAE04EC0-301F-11D3-BF4B-00C04F79EFBC}") = "NetworkUtility.Tests", "NetworkUtility.Tests\NetworkUtility.Tests.csproj", "{D33C4BEB-2D27-49F8-A16B-4A81675145A2}"
EndProject
Global
	GlobalSection(SolutionConfigurationPlatforms) = preSolution
		Debug|Any CPU = Debug|Any CPU
		Release|Any CPU = Release|Any CPU
	EndGlobalSection
	GlobalSection(ProjectConfigurationPlatforms) = postSolution
		{0A2321AF-5C1F-4841-A9CC-97F0D7945E9B}.Debug|Any CPU.ActiveCfg = Debug|Any CPU
		{0A2321AF-5C1F-4841-A9CC-97F0D7945E9B}.Debug|Any CPU.Build.0 = Debug|Any CPU
		{0A2321AF-5C1F-4841-A9CC-97F0D7945E9B}.Release|Any CPU.ActiveCfg = Release|Any CPU
		{0A2321AF-5C1F-4841-A9CC-97F0D7945E9B}.Release|Any CPU.Build.0 = Release|Any CPU
		{D33C4BEB-2D27-49F8-A16B-4A81675145A2}.Debug|Any CPU.ActiveCfg = Debug|Any CPU
		{D33C4BEB-2D27-49F8-A16B-4A81675145A2}.Debug|Any CPU.Build.0 = Debug|Any CPU
		{D33C4BEB-2D27-49F8-A16B-4A81675145A2}.Release|Any CPU.ActiveCfg = Release|Any CPU
		{D33C4BEB-2D27-49F8-A16B-4A81675145A2}.Release|Any CPU.Build.0 = Release|Any CPU
	EndGlobalSection
	GlobalSection(SolutionProperties) = preSolution
		HideSolutionNode = FALSE
	EndGlobalSection
	GlobalSection(ExtensibilityGlobals) = postSolution
		SolutionGuid = {72CD3260-4232-471B-BA08-DC57F79D8A10}
	EndGlobalSection
EndGlobal
